// !$*UTF8*$!
{
	archiveVersion = 1;
	classes = {
	};
	objectVersion = 48;
	objects = {

/* Begin PBXBuildFile section */
		95ADA933215ED0BA006D8EE4 /* AppDelegate.swift in Sources */ = {isa = PBXBuildFile; fileRef = 95ADA932215ED0BA006D8EE4 /* AppDelegate.swift */; };
		95ADA935215ED0BA006D8EE4 /* ViewController.swift in Sources */ = {isa = PBXBuildFile; fileRef = 95ADA934215ED0BA006D8EE4 /* ViewController.swift */; };
		95ADA938215ED0BA006D8EE4 /* Main.storyboard in Resources */ = {isa = PBXBuildFile; fileRef = 95ADA936215ED0BA006D8EE4 /* Main.storyboard */; };
		95ADA93A215ED0BA006D8EE4 /* Assets.xcassets in Resources */ = {isa = PBXBuildFile; fileRef = 95ADA939215ED0BA006D8EE4 /* Assets.xcassets */; };
		95ADA93D215ED0BA006D8EE4 /* LaunchScreen.storyboard in Resources */ = {isa = PBXBuildFile; fileRef = 95ADA93B215ED0BA006D8EE4 /* LaunchScreen.storyboard */; };
		95ADA948215ED0BA006D8EE4 /* RetrieveImageTests.swift in Sources */ = {isa = PBXBuildFile; fileRef = 95ADA947215ED0BA006D8EE4 /* RetrieveImageTests.swift */; };
		95ADA953215ED0BA006D8EE4 /* RetrieveImageUITests.swift in Sources */ = {isa = PBXBuildFile; fileRef = 95ADA952215ED0BA006D8EE4 /* RetrieveImageUITests.swift */; };
/* End PBXBuildFile section */

/* Begin PBXContainerItemProxy section */
		95ADA944215ED0BA006D8EE4 /* PBXContainerItemProxy */ = {
			isa = PBXContainerItemProxy;
			containerPortal = 95ADA927215ED0BA006D8EE4 /* Project object */;
			proxyType = 1;
			remoteGlobalIDString = 95ADA92E215ED0BA006D8EE4;
			remoteInfo = RetrieveImage;
		};
		95ADA94F215ED0BA006D8EE4 /* PBXContainerItemProxy */ = {
			isa = PBXContainerItemProxy;
			containerPortal = 95ADA927215ED0BA006D8EE4 /* Project object */;
			proxyType = 1;
			remoteGlobalIDString = 95ADA92E215ED0BA006D8EE4;
			remoteInfo = RetrieveImage;
		};
/* End PBXContainerItemProxy section */

/* Begin PBXFileReference section */
		95ADA92F215ED0BA006D8EE4 /* RetrieveImage.app */ = {isa = PBXFileReference; explicitFileType = wrapper.application; includeInIndex = 0; path = RetrieveImage.app; sourceTree = BUILT_PRODUCTS_DIR; };
		95ADA932215ED0BA006D8EE4 /* AppDelegate.swift */ = {isa = PBXFileReference; lastKnownFileType = sourcecode.swift; path = AppDelegate.swift; sourceTree = "<group>"; };
		95ADA934215ED0BA006D8EE4 /* ViewController.swift */ = {isa = PBXFileReference; lastKnownFileType = sourcecode.swift; path = ViewController.swift; sourceTree = "<group>"; };
		95ADA937215ED0BA006D8EE4 /* Base */ = {isa = PBXFileReference; lastKnownFileType = file.storyboard; name = Base; path = Base.lproj/Main.storyboard; sourceTree = "<group>"; };
		95ADA939215ED0BA006D8EE4 /* Assets.xcassets */ = {isa = PBXFileReference; lastKnownFileType = folder.assetcatalog; path = Assets.xcassets; sourceTree = "<group>"; };
		95ADA93C215ED0BA006D8EE4 /* Base */ = {isa = PBXFileReference; lastKnownFileType = file.storyboard; name = Base; path = Base.lproj/LaunchScreen.storyboard; sourceTree = "<group>"; };
		95ADA93E215ED0BA006D8EE4 /* Info.plist */ = {isa = PBXFileReference; lastKnownFileType = text.plist.xml; path = Info.plist; sourceTree = "<group>"; };
		95ADA943215ED0BA006D8EE4 /* RetrieveImageTests.xctest */ = {isa = PBXFileReference; explicitFileType = wrapper.cfbundle; includeInIndex = 0; path = RetrieveImageTests.xctest; sourceTree = BUILT_PRODUCTS_DIR; };
		95ADA947215ED0BA006D8EE4 /* RetrieveImageTests.swift */ = {isa = PBXFileReference; lastKnownFileType = sourcecode.swift; path = RetrieveImageTests.swift; sourceTree = "<group>"; };
		95ADA949215ED0BA006D8EE4 /* Info.plist */ = {isa = PBXFileReference; lastKnownFileType = text.plist.xml; path = Info.plist; sourceTree = "<group>"; };
		95ADA94E215ED0BA006D8EE4 /* RetrieveImageUITests.xctest */ = {isa = PBXFileReference; explicitFileType = wrapper.cfbundle; includeInIndex = 0; path = RetrieveImageUITests.xctest; sourceTree = BUILT_PRODUCTS_DIR; };
		95ADA952215ED0BA006D8EE4 /* RetrieveImageUITests.swift */ = {isa = PBXFileReference; lastKnownFileType = sourcecode.swift; path = RetrieveImageUITests.swift; sourceTree = "<group>"; };
		95ADA954215ED0BA006D8EE4 /* Info.plist */ = {isa = PBXFileReference; lastKnownFileType = text.plist.xml; path = Info.plist; sourceTree = "<group>"; };
/* End PBXFileReference section */

/* Begin PBXFrameworksBuildPhase section */
		95ADA92C215ED0BA006D8EE4 /* Frameworks */ = {
			isa = PBXFrameworksBuildPhase;
			buildActionMask = 2147483647;
			files = (
			);
			runOnlyForDeploymentPostprocessing = 0;
		};
		95ADA940215ED0BA006D8EE4 /* Frameworks */ = {
			isa = PBXFrameworksBuildPhase;
			buildActionMask = 2147483647;
			files = (
			);
			runOnlyForDeploymentPostprocessing = 0;
		};
		95ADA94B215ED0BA006D8EE4 /* Frameworks */ = {
			isa = PBXFrameworksBuildPhase;
			buildActionMask = 2147483647;
			files = (
			);
			runOnlyForDeploymentPostprocessing = 0;
		};
/* End PBXFrameworksBuildPhase section */

/* Begin PBXGroup section */
		95ADA926215ED0BA006D8EE4 = {
			isa = PBXGroup;
			children = (
				95ADA931215ED0BA006D8EE4 /* RetrieveImage */,
				95ADA946215ED0BA006D8EE4 /* RetrieveImageTests */,
				95ADA951215ED0BA006D8EE4 /* RetrieveImageUITests */,
				95ADA930215ED0BA006D8EE4 /* Products */,
			);
			sourceTree = "<group>";
		};
		95ADA930215ED0BA006D8EE4 /* Products */ = {
			isa = PBXGroup;
			children = (
				95ADA92F215ED0BA006D8EE4 /* RetrieveImage.app */,
				95ADA943215ED0BA006D8EE4 /* RetrieveImageTests.xctest */,
				95ADA94E215ED0BA006D8EE4 /* RetrieveImageUITests.xctest */,
			);
			name = Products;
			sourceTree = "<group>";
		};
		95ADA931215ED0BA006D8EE4 /* RetrieveImage */ = {
			isa = PBXGroup;
			children = (
				95ADA932215ED0BA006D8EE4 /* AppDelegate.swift */,
				95ADA934215ED0BA006D8EE4 /* ViewController.swift */,
				95ADA936215ED0BA006D8EE4 /* Main.storyboard */,
				95ADA939215ED0BA006D8EE4 /* Assets.xcassets */,
				95ADA93B215ED0BA006D8EE4 /* LaunchScreen.storyboard */,
				95ADA93E215ED0BA006D8EE4 /* Info.plist */,
			);
			path = RetrieveImage;
			sourceTree = "<group>";
		};
		95ADA946215ED0BA006D8EE4 /* RetrieveImageTests */ = {
			isa = PBXGroup;
			children = (
				95ADA947215ED0BA006D8EE4 /* RetrieveImageTests.swift */,
				95ADA949215ED0BA006D8EE4 /* Info.plist */,
			);
			path = RetrieveImageTests;
			sourceTree = "<group>";
		};
		95ADA951215ED0BA006D8EE4 /* RetrieveImageUITests */ = {
			isa = PBXGroup;
			children = (
				95ADA952215ED0BA006D8EE4 /* RetrieveImageUITests.swift */,
				95ADA954215ED0BA006D8EE4 /* Info.plist */,
			);
			path = RetrieveImageUITests;
			sourceTree = "<group>";
		};
/* End PBXGroup section */

/* Begin PBXNativeTarget section */
		95ADA92E215ED0BA006D8EE4 /* RetrieveImage */ = {
			isa = PBXNativeTarget;
			buildConfigurationList = 95ADA957215ED0BA006D8EE4 /* Build configuration list for PBXNativeTarget "RetrieveImage" */;
			buildPhases = (
				95ADA92B215ED0BA006D8EE4 /* Sources */,
				95ADA92C215ED0BA006D8EE4 /* Frameworks */,
				95ADA92D215ED0BA006D8EE4 /* Resources */,
			);
			buildRules = (
			);
			dependencies = (
			);
			name = RetrieveImage;
			productName = RetrieveImage;
			productReference = 95ADA92F215ED0BA006D8EE4 /* RetrieveImage.app */;
			productType = "com.apple.product-type.application";
		};
		95ADA942215ED0BA006D8EE4 /* RetrieveImageTests */ = {
			isa = PBXNativeTarget;
			buildConfigurationList = 95ADA95A215ED0BA006D8EE4 /* Build configuration list for PBXNativeTarget "RetrieveImageTests" */;
			buildPhases = (
				95ADA93F215ED0BA006D8EE4 /* Sources */,
				95ADA940215ED0BA006D8EE4 /* Frameworks */,
				95ADA941215ED0BA006D8EE4 /* Resources */,
			);
			buildRules = (
			);
			dependencies = (
				95ADA945215ED0BA006D8EE4 /* PBXTargetDependency */,
			);
			name = RetrieveImageTests;
			productName = RetrieveImageTests;
			productReference = 95ADA943215ED0BA006D8EE4 /* RetrieveImageTests.xctest */;
			productType = "com.apple.product-type.bundle.unit-test";
		};
		95ADA94D215ED0BA006D8EE4 /* RetrieveImageUITests */ = {
			isa = PBXNativeTarget;
			buildConfigurationList = 95ADA95D215ED0BA006D8EE4 /* Build configuration list for PBXNativeTarget "RetrieveImageUITests" */;
			buildPhases = (
				95ADA94A215ED0BA006D8EE4 /* Sources */,
				95ADA94B215ED0BA006D8EE4 /* Frameworks */,
				95ADA94C215ED0BA006D8EE4 /* Resources */,
			);
			buildRules = (
			);
			dependencies = (
				95ADA950215ED0BA006D8EE4 /* PBXTargetDependency */,
			);
			name = RetrieveImageUITests;
			productName = RetrieveImageUITests;
			productReference = 95ADA94E215ED0BA006D8EE4 /* RetrieveImageUITests.xctest */;
			productType = "com.apple.product-type.bundle.ui-testing";
		};
/* End PBXNativeTarget section */

/* Begin PBXProject section */
		95ADA927215ED0BA006D8EE4 /* Project object */ = {
			isa = PBXProject;
			attributes = {
				LastSwiftUpdateCheck = 0910;
				LastUpgradeCheck = 0910;
				ORGANIZATIONNAME = smile;
				TargetAttributes = {
					95ADA92E215ED0BA006D8EE4 = {
						CreatedOnToolsVersion = 9.1;
						ProvisioningStyle = Automatic;
					};
					95ADA942215ED0BA006D8EE4 = {
						CreatedOnToolsVersion = 9.1;
						ProvisioningStyle = Automatic;
						TestTargetID = 95ADA92E215ED0BA006D8EE4;
					};
					95ADA94D215ED0BA006D8EE4 = {
						CreatedOnToolsVersion = 9.1;
						ProvisioningStyle = Automatic;
						TestTargetID = 95ADA92E215ED0BA006D8EE4;
					};
				};
			};
			buildConfigurationList = 95ADA92A215ED0BA006D8EE4 /* Build configuration list for PBXProject "RetrieveImage" */;
			compatibilityVersion = "Xcode 8.0";
			developmentRegion = en;
			hasScannedForEncodings = 0;
			knownRegions = (
				en,
				Base,
			);
			mainGroup = 95ADA926215ED0BA006D8EE4;
			productRefGroup = 95ADA930215ED0BA006D8EE4 /* Products */;
			projectDirPath = "";
			projectRoot = "";
			targets = (
				95ADA92E215ED0BA006D8EE4 /* RetrieveImage */,
				95ADA942215ED0BA006D8EE4 /* RetrieveImageTests */,
				95ADA94D215ED0BA006D8EE4 /* RetrieveImageUITests */,
			);
		};
/* End PBXProject section */

/* Begin PBXResourcesBuildPhase section */
		95ADA92D215ED0BA006D8EE4 /* Resources */ = {
			isa = PBXResourcesBuildPhase;
			buildActionMask = 2147483647;
			files = (
				95ADA93D215ED0BA006D8EE4 /* LaunchScreen.storyboard in Resources */,
				95ADA93A215ED0BA006D8EE4 /* Assets.xcassets in Resources */,
				95ADA938215ED0BA006D8EE4 /* Main.storyboard in Resources */,
			);
			runOnlyForDeploymentPostprocessing = 0;
		};
		95ADA941215ED0BA006D8EE4 /* Resources */ = {
			isa = PBXResourcesBuildPhase;
			buildActionMask = 2147483647;
			files = (
			);
			runOnlyForDeploymentPostprocessing = 0;
		};
		95ADA94C215ED0BA006D8EE4 /* Resources */ = {
			isa = PBXResourcesBuildPhase;
			buildActionMask = 2147483647;
			files = (
			);
			runOnlyForDeploymentPostprocessing = 0;
		};
/* End PBXResourcesBuildPhase section */

/* Begin PBXSourcesBuildPhase section */
		95ADA92B215ED0BA006D8EE4 /* Sources */ = {
			isa = PBXSourcesBuildPhase;
			buildActionMask = 2147483647;
			files = (
				95ADA935215ED0BA006D8EE4 /* ViewController.swift in Sources */,
				95ADA933215ED0BA006D8EE4 /* AppDelegate.swift in Sources */,
			);
			runOnlyForDeploymentPostprocessing = 0;
		};
		95ADA93F215ED0BA006D8EE4 /* Sources */ = {
			isa = PBXSourcesBuildPhase;
			buildActionMask = 2147483647;
			files = (
				95ADA948215ED0BA006D8EE4 /* RetrieveImageTests.swift in Sources */,
			);
			runOnlyForDeploymentPostprocessing = 0;
		};
		95ADA94A215ED0BA006D8EE4 /* Sources */ = {
			isa = PBXSourcesBuildPhase;
			buildActionMask = 2147483647;
			files = (
				95ADA953215ED0BA006D8EE4 /* RetrieveImageUITests.swift in Sources */,
			);
			runOnlyForDeploymentPostprocessing = 0;
		};
/* End PBXSourcesBuildPhase section */

/* Begin PBXTargetDependency section */
		95ADA945215ED0BA006D8EE4 /* PBXTargetDependency */ = {
			isa = PBXTargetDependency;
			target = 95ADA92E215ED0BA006D8EE4 /* RetrieveImage */;
			targetProxy = 95ADA944215ED0BA006D8EE4 /* PBXContainerItemProxy */;
		};
		95ADA950215ED0BA006D8EE4 /* PBXTargetDependency */ = {
			isa = PBXTargetDependency;
			target = 95ADA92E215ED0BA006D8EE4 /* RetrieveImage */;
			targetProxy = 95ADA94F215ED0BA006D8EE4 /* PBXContainerItemProxy */;
		};
/* End PBXTargetDependency section */

/* Begin PBXVariantGroup section */
		95ADA936215ED0BA006D8EE4 /* Main.storyboard */ = {
			isa = PBXVariantGroup;
			children = (
				95ADA937215ED0BA006D8EE4 /* Base */,
			);
			name = Main.storyboard;
			sourceTree = "<group>";
		};
		95ADA93B215ED0BA006D8EE4 /* LaunchScreen.storyboard */ = {
			isa = PBXVariantGroup;
			children = (
				95ADA93C215ED0BA006D8EE4 /* Base */,
			);
			name = LaunchScreen.storyboard;
			sourceTree = "<group>";
		};
/* End PBXVariantGroup section */

/* Begin XCBuildConfiguration section */
		95ADA955215ED0BA006D8EE4 /* Debug */ = {
			isa = XCBuildConfiguration;
			buildSettings = {
				ALWAYS_SEARCH_USER_PATHS = NO;
				CLANG_ANALYZER_NONNULL = YES;
				CLANG_ANALYZER_NUMBER_OBJECT_CONVERSION = YES_AGGRESSIVE;
				CLANG_CXX_LANGUAGE_STANDARD = "gnu++14";
				CLANG_CXX_LIBRARY = "libc++";
				CLANG_ENABLE_MODULES = YES;
				CLANG_ENABLE_OBJC_ARC = YES;
				CLANG_WARN_BLOCK_CAPTURE_AUTORELEASING = YES;
				CLANG_WARN_BOOL_CONVERSION = YES;
				CLANG_WARN_COMMA = YES;
				CLANG_WARN_CONSTANT_CONVERSION = YES;
				CLANG_WARN_DIRECT_OBJC_ISA_USAGE = YES_ERROR;
				CLANG_WARN_DOCUMENTATION_COMMENTS = YES;
				CLANG_WARN_EMPTY_BODY = YES;
				CLANG_WARN_ENUM_CONVERSION = YES;
				CLANG_WARN_INFINITE_RECURSION = YES;
				CLANG_WARN_INT_CONVERSION = YES;
				CLANG_WARN_NON_LITERAL_NULL_CONVERSION = YES;
				CLANG_WARN_OBJC_LITERAL_CONVERSION = YES;
				CLANG_WARN_OBJC_ROOT_CLASS = YES_ERROR;
				CLANG_WARN_RANGE_LOOP_ANALYSIS = YES;
				CLANG_WARN_STRICT_PROTOTYPES = YES;
				CLANG_WARN_SUSPICIOUS_MOVE = YES;
				CLANG_WARN_UNGUARDED_AVAILABILITY = YES_AGGRESSIVE;
				CLANG_WARN_UNREACHABLE_CODE = YES;
				CLANG_WARN__DUPLICATE_METHOD_MATCH = YES;
				CODE_SIGN_IDENTITY = "iPhone Developer";
				COPY_PHASE_STRIP = NO;
				DEBUG_INFORMATION_FORMAT = dwarf;
				ENABLE_STRICT_OBJC_MSGSEND = YES;
				ENABLE_TESTABILITY = YES;
				GCC_C_LANGUAGE_STANDARD = gnu11;
				GCC_DYNAMIC_NO_PIC = NO;
				GCC_NO_COMMON_BLOCKS = YES;
				GCC_OPTIMIZATION_LEVEL = 0;
				GCC_PREPROCESSOR_DEFINITIONS = (
					"DEBUG=1",
					"$(inherited)",
				);
				GCC_WARN_64_TO_32_BIT_CONVERSION = YES;
				GCC_WARN_ABOUT_RETURN_TYPE = YES_ERROR;
				GCC_WARN_UNDECLARED_SELECTOR = YES;
				GCC_WARN_UNINITIALIZED_AUTOS = YES_AGGRESSIVE;
				GCC_WARN_UNUSED_FUNCTION = YES;
				GCC_WARN_UNUSED_VARIABLE = YES;
				IPHONEOS_DEPLOYMENT_TARGET = 11.1;
				MTL_ENABLE_DEBUG_INFO = YES;
				ONLY_ACTIVE_ARCH = YES;
				SDKROOT = iphoneos;
				SWIFT_ACTIVE_COMPILATION_CONDITIONS = DEBUG;
				SWIFT_OPTIMIZATION_LEVEL = "-Onone";
			};
			name = Debug;
		};
		95ADA956215ED0BA006D8EE4 /* Release */ = {
			isa = XCBuildConfiguration;
			buildSettings = {
				ALWAYS_SEARCH_USER_PATHS = NO;
				CLANG_ANALYZER_NONNULL = YES;
				CLANG_ANALYZER_NUMBER_OBJECT_CONVERSION = YES_AGGRESSIVE;
				CLANG_CXX_LANGUAGE_STANDARD = "gnu++14";
				CLANG_CXX_LIBRARY = "libc++";
				CLANG_ENABLE_MODULES = YES;
				CLANG_ENABLE_OBJC_ARC = YES;
				CLANG_WARN_BLOCK_CAPTURE_AUTORELEASING = YES;
				CLANG_WARN_BOOL_CONVERSION = YES;
				CLANG_WARN_COMMA = YES;
				CLANG_WARN_CONSTANT_CONVERSION = YES;
				CLANG_WARN_DIRECT_OBJC_ISA_USAGE = YES_ERROR;
				CLANG_WARN_DOCUMENTATION_COMMENTS = YES;
				CLANG_WARN_EMPTY_BODY = YES;
				CLANG_WARN_ENUM_CONVERSION = YES;
				CLANG_WARN_INFINITE_RECURSION = YES;
				CLANG_WARN_INT_CONVERSION = YES;
				CLANG_WARN_NON_LITERAL_NULL_CONVERSION = YES;
				CLANG_WARN_OBJC_LITERAL_CONVERSION = YES;
				CLANG_WARN_OBJC_ROOT_CLASS = YES_ERROR;
				CLANG_WARN_RANGE_LOOP_ANALYSIS = YES;
				CLANG_WARN_STRICT_PROTOTYPES = YES;
				CLANG_WARN_SUSPICIOUS_MOVE = YES;
				CLANG_WARN_UNGUARDED_AVAILABILITY = YES_AGGRESSIVE;
				CLANG_WARN_UNREACHABLE_CODE = YES;
				CLANG_WARN__DUPLICATE_METHOD_MATCH = YES;
				CODE_SIGN_IDENTITY = "iPhone Developer";
				COPY_PHASE_STRIP = NO;
				DEBUG_INFORMATION_FORMAT = "dwarf-with-dsym";
				ENABLE_NS_ASSERTIONS = NO;
				ENABLE_STRICT_OBJC_MSGSEND = YES;
				GCC_C_LANGUAGE_STANDARD = gnu11;
				GCC_NO_COMMON_BLOCKS = YES;
				GCC_WARN_64_TO_32_BIT_CONVERSION = YES;
				GCC_WARN_ABOUT_RETURN_TYPE = YES_ERROR;
				GCC_WARN_UNDECLARED_SELECTOR = YES;
				GCC_WARN_UNINITIALIZED_AUTOS = YES_AGGRESSIVE;
				GCC_WARN_UNUSED_FUNCTION = YES;
				GCC_WARN_UNUSED_VARIABLE = YES;
				IPHONEOS_DEPLOYMENT_TARGET = 11.1;
				MTL_ENABLE_DEBUG_INFO = NO;
				SDKROOT = iphoneos;
				SWIFT_OPTIMIZATION_LEVEL = "-Owholemodule";
				VALIDATE_PRODUCT = YES;
			};
			name = Release;
		};
		95ADA958215ED0BA006D8EE4 /* Debug */ = {
			isa = XCBuildConfiguration;
			buildSettings = {
				ASSETCATALOG_COMPILER_APPICON_NAME = AppIcon;
				CODE_SIGN_STYLE = Automatic;
				DEVELOPMENT_TEAM = C574GR48RP;
				INFOPLIST_FILE = RetrieveImage/Info.plist;
				LD_RUNPATH_SEARCH_PATHS = "$(inherited) @executable_path/Frameworks";
				PRODUCT_BUNDLE_IDENTIFIER = Mobile.RetrieveImage;
				PRODUCT_NAME = "$(TARGET_NAME)";
				SWIFT_VERSION = 4.0;
				TARGETED_DEVICE_FAMILY = "1,2";
			};
			name = Debug;
		};
		95ADA959215ED0BA006D8EE4 /* Release */ = {
			isa = XCBuildConfiguration;
			buildSettings = {
				ASSETCATALOG_COMPILER_APPICON_NAME = AppIcon;
				CODE_SIGN_STYLE = Automatic;
				DEVELOPMENT_TEAM = C574GR48RP;
				INFOPLIST_FILE = RetrieveImage/Info.plist;
				LD_RUNPATH_SEARCH_PATHS = "$(inherited) @executable_path/Frameworks";
				PRODUCT_BUNDLE_IDENTIFIER = Mobile.RetrieveImage;
				PRODUCT_NAME = "$(TARGET_NAME)";
				SWIFT_VERSION = 4.0;
				TARGETED_DEVICE_FAMILY = "1,2";
			};
			name = Release;
		};
		95ADA95B215ED0BA006D8EE4 /* Debug */ = {
			isa = XCBuildConfiguration;
			buildSettings = {
				ALWAYS_EMBED_SWIFT_STANDARD_LIBRARIES = YES;
				BUNDLE_LOADER = "$(TEST_HOST)";
				CODE_SIGN_STYLE = Automatic;
				DEVELOPMENT_TEAM = C574GR48RP;
				INFOPLIST_FILE = RetrieveImageTests/Info.plist;
				LD_RUNPATH_SEARCH_PATHS = "$(inherited) @executable_path/Frameworks @loader_path/Frameworks";
				PRODUCT_BUNDLE_IDENTIFIER = Mobile.RetrieveImageTests;
				PRODUCT_NAME = "$(TARGET_NAME)";
				SWIFT_VERSION = 4.0;
				TARGETED_DEVICE_FAMILY = "1,2";
				TEST_HOST = "$(BUILT_PRODUCTS_DIR)/RetrieveImage.app/RetrieveImage";
			};
			name = Debug;
		};
		95ADA95C215ED0BA006D8EE4 /* Release */ = {
			isa = XCBuildConfiguration;
			buildSettings = {
				ALWAYS_EMBED_SWIFT_STANDARD_LIBRARIES = YES;
				BUNDLE_LOADER = "$(TEST_HOST)";
				CODE_SIGN_STYLE = Automatic;
				DEVELOPMENT_TEAM = C574GR48RP;
				INFOPLIST_FILE = RetrieveImageTests/Info.plist;
				LD_RUNPATH_SEARCH_PATHS = "$(inherited) @executable_path/Frameworks @loader_path/Frameworks";
				PRODUCT_BUNDLE_IDENTIFIER = Mobile.RetrieveImageTests;
				PRODUCT_NAME = "$(TARGET_NAME)";
				SWIFT_VERSION = 4.0;
				TARGETED_DEVICE_FAMILY = "1,2";
				TEST_HOST = "$(BUILT_PRODUCTS_DIR)/RetrieveImage.app/RetrieveImage";
			};
			name = Release;
		};
		95ADA95E215ED0BA006D8EE4 /* Debug */ = {
			isa = XCBuildConfiguration;
			buildSettings = {
				ALWAYS_EMBED_SWIFT_STANDARD_LIBRARIES = YES;
				CODE_SIGN_STYLE = Automatic;
				DEVELOPMENT_TEAM = C574GR48RP;
				INFOPLIST_FILE = RetrieveImageUITests/Info.plist;
				LD_RUNPATH_SEARCH_PATHS = "$(inherited) @executable_path/Frameworks @loader_path/Frameworks";
				PRODUCT_BUNDLE_IDENTIFIER = Mobile.RetrieveImageUITests;
				PRODUCT_NAME = "$(TARGET_NAME)";
				SWIFT_VERSION = 4.0;
				TARGETED_DEVICE_FAMILY = "1,2";
				TEST_TARGET_NAME = RetrieveImage;
			};
			name = Debug;
		};
		95ADA95F215ED0BA006D8EE4 /* Release */ = {
			isa = XCBuildConfiguration;
			buildSettings = {
				ALWAYS_EMBED_SWIFT_STANDARD_LIBRARIES = YES;
				CODE_SIGN_STYLE = Automatic;
				DEVELOPMENT_TEAM = C574GR48RP;
				INFOPLIST_FILE = RetrieveImageUITests/Info.plist;
				LD_RUNPATH_SEARCH_PATHS = "$(inherited) @executable_path/Frameworks @loader_path/Frameworks";
				PRODUCT_BUNDLE_IDENTIFIER = Mobile.RetrieveImageUITests;
				PRODUCT_NAME = "$(TARGET_NAME)";
				SWIFT_VERSION = 4.0;
				TARGETED_DEVICE_FAMILY = "1,2";
				TEST_TARGET_NAME = RetrieveImage;
			};
			name = Release;
		};
/* End XCBuildConfiguration section */

/* Begin XCConfigurationList section */
		95ADA92A215ED0BA006D8EE4 /* Build configuration list for PBXProject "RetrieveImage" */ = {
			isa = XCConfigurationList;
			buildConfigurations = (
				95ADA955215ED0BA006D8EE4 /* Debug */,
				95ADA956215ED0BA006D8EE4 /* Release */,
			);
			defaultConfigurationIsVisible = 0;
			defaultConfigurationName = Release;
		};
		95ADA957215ED0BA006D8EE4 /* Build configuration list for PBXNativeTarget "RetrieveImage" */ = {
			isa = XCConfigurationList;
			buildConfigurations = (
				95ADA958215ED0BA006D8EE4 /* Debug */,
				95ADA959215ED0BA006D8EE4 /* Release */,
			);
			defaultConfigurationIsVisible = 0;
			defaultConfigurationName = Release;
		};
		95ADA95A215ED0BA006D8EE4 /* Build configuration list for PBXNativeTarget "RetrieveImageTests" */ = {
			isa = XCConfigurationList;
			buildConfigurations = (
				95ADA95B215ED0BA006D8EE4 /* Debug */,
				95ADA95C215ED0BA006D8EE4 /* Release */,
			);
			defaultConfigurationIsVisible = 0;
			defaultConfigurationName = Release;
		};
		95ADA95D215ED0BA006D8EE4 /* Build configuration list for PBXNativeTarget "RetrieveImageUITests" */ = {
			isa = XCConfigurationList;
			buildConfigurations = (
				95ADA95E215ED0BA006D8EE4 /* Debug */,
				95ADA95F215ED0BA006D8EE4 /* Release */,
			);
			defaultConfigurationIsVisible = 0;
			defaultConfigurationName = Release;
		};
/* End XCConfigurationList section */
	};
	rootObject = 95ADA927215ED0BA006D8EE4 /* Project object */;
}
